
Microsoft Visual Studio Solution File, Format Version 12.00
Project("{2150E333-8FDC-42A3-9474-1A3956D46DE8}") = "src", "src", "{CCD50CD9-6254-4D05-8BEA-F0EAB9C6ED64}"
EndProject
Project("{2150E333-8FDC-42A3-9474-1A3956D46DE8}") = "samples", "samples", "{DB82814B-2E82-44BF-BD2F-4867B5874461}"
EndProject
Project("{2150E333-8FDC-42A3-9474-1A3956D46DE8}") = "solution", "solution", "{D710448D-F6C9-41A5-8A3F-BDA1C4DB1C77}"
	ProjectSection(SolutionItems) = preProject
		Directory.Packages.props = Directory.Packages.props
	EndProjectSection
EndProject
Project("{FAE04EC0-301F-11D3-BF4B-00C04F79EFBC}") = "SmartAppJs", "samples\SmartAppJs\SmartAppJs.csproj", "{5C8E1D5D-5376-4200-BBA5-B128A6562D57}"
EndProject
Project("{FAE04EC0-301F-11D3-BF4B-00C04F79EFBC}") = "SmartBff", "src\SmartBff\SmartBff.csproj", "{645A5B07-8057-4057-81BC-F4203E3CD36D}"
EndProject
Global
	GlobalSection(SolutionConfigurationPlatforms) = preSolution
		Debug|Any CPU = Debug|Any CPU
		Release|Any CPU = Release|Any CPU
	EndGlobalSection
	GlobalSection(ProjectConfigurationPlatforms) = postSolution
		{5C8E1D5D-5376-4200-BBA5-B128A6562D57}.Debug|Any CPU.ActiveCfg = Debug|Any CPU
		{5C8E1D5D-5376-4200-BBA5-B128A6562D57}.Debug|Any CPU.Build.0 = Debug|Any CPU
		{5C8E1D5D-5376-4200-BBA5-B128A6562D57}.Release|Any CPU.ActiveCfg = Release|Any CPU
		{5C8E1D5D-5376-4200-BBA5-B128A6562D57}.Release|Any CPU.Build.0 = Release|Any CPU
		{645A5B07-8057-4057-81BC-F4203E3CD36D}.Debug|Any CPU.ActiveCfg = Debug|Any CPU
		{645A5B07-8057-4057-81BC-F4203E3CD36D}.Debug|Any CPU.Build.0 = Debug|Any CPU
		{645A5B07-8057-4057-81BC-F4203E3CD36D}.Release|Any CPU.ActiveCfg = Release|Any CPU
		{645A5B07-8057-4057-81BC-F4203E3CD36D}.Release|Any CPU.Build.0 = Release|Any CPU
	EndGlobalSection
	GlobalSection(NestedProjects) = preSolution
		{5C8E1D5D-5376-4200-BBA5-B128A6562D57} = {DB82814B-2E82-44BF-BD2F-4867B5874461}
		{645A5B07-8057-4057-81BC-F4203E3CD36D} = {CCD50CD9-6254-4D05-8BEA-F0EAB9C6ED64}
	EndGlobalSection
EndGlobal
